{
  "requires": true,
  "lockfileVersion": 1,
  "dependencies": {
    "@openzeppelin/contracts": {
      "version": "3.2.0",
      "resolved": "https://artifacts.aue1d.saasure.com:443/artifactory/api/npm/npm-okta-master/@openzeppelin/contracts/-/contracts-3.2.0.tgz",
      "integrity": "sha1-Pms6dmLY7WQnGt6W70JlXbmD/Z0="
    },
    "@uniswap/lib": {
      "version": "1.1.1",
      "resolved": "https://artifacts.aue1d.saasure.com:443/artifactory/api/npm/npm-okta-master/@uniswap/lib/-/lib-1.1.1.tgz",
      "integrity": "sha1-Cv0pYBhGwW5dCChmy7JKngdY5rw="
    },
    "@uniswap/v2-core": {
      "version": "1.0.1",
      "resolved": "https://artifacts.aue1d.saasure.com:443/artifactory/api/npm/npm-okta-master/@uniswap/v2-core/-/v2-core-1.0.1.tgz",
      "integrity": "sha1-r49Qi/GDIEd5k4lp4uVAQ+FH1CU="
    },
    "@uniswap/v2-periphery": {
      "version": "1.1.0-beta.0",
      "resolved": "https://artifacts.aue1d.saasure.com:443/artifactory/api/npm/npm-okta-master/@uniswap/v2-periphery/-/v2-periphery-1.1.0-beta.0.tgz",
      "integrity": "sha1-IKTM/KIvGkVAIwOu21cXtpGOvm0=",
      "requires": {
        "@uniswap/lib": "1.1.1",
        "@uniswap/v2-core": "1.0.0"
      },
      "dependencies": {
        "@uniswap/v2-core": {
          "version": "1.0.0",
          "resolved": "https://artifacts.aue1d.saasure.com:443/artifactory/api/npm/npm-okta-master/@uniswap/v2-core/-/v2-core-1.0.0.tgz",
          "integrity": "sha1-4Pq5Gn1T6Mr7UyauTKGDURFrCEQ="
        }
      }
    }
  }
}
